
Microsoft Visual Studio Solution File, Format Version 12.00
Project("{FAE04EC0-301F-11D3-BF4B-00C04F79EFBC}") = "OpenWeatherMapAPI", "OpenWeatherMapAPI\OpenWeatherMapAPI.csproj", "{C36C50FD-4FD4-436E-80FF-2457A256A704}"
EndProject
Global
	GlobalSection(SolutionConfigurationPlatforms) = preSolution
		Debug|Any CPU = Debug|Any CPU
		Release|Any CPU = Release|Any CPU
	EndGlobalSection
	GlobalSection(ProjectConfigurationPlatforms) = postSolution
		{C36C50FD-4FD4-436E-80FF-2457A256A704}.Debug|Any CPU.ActiveCfg = Debug|Any CPU
		{C36C50FD-4FD4-436E-80FF-2457A256A704}.Debug|Any CPU.Build.0 = Debug|Any CPU
		{C36C50FD-4FD4-436E-80FF-2457A256A704}.Release|Any CPU.ActiveCfg = Release|Any CPU
		{C36C50FD-4FD4-436E-80FF-2457A256A704}.Release|Any CPU.Build.0 = Release|Any CPU
	EndGlobalSection
EndGlobal
